
Microsoft Visual Studio Solution File, Format Version 12.00
# Visual Studio Version 17
VisualStudioVersion = 17.12.35707.178
MinimumVisualStudioVersion = 10.0.40219.1
Project("{FAE04EC0-301F-11D3-BF4B-00C04F79EFBC}") = "Entities", "Entities\Entities.csproj", "{42F8BCB4-8FE2-4794-AB9C-A717BD0B21D0}"
EndProject
Project("{FAE04EC0-301F-11D3-BF4B-00C04F79EFBC}") = "DataAccess", "DataAccess\DataAccess.csproj", "{77F0E269-8F97-4087-BE53-9D8F921ABD59}"
EndProject
Project("{FAE04EC0-301F-11D3-BF4B-00C04F79EFBC}") = "Business", "Business\Business.csproj", "{9D5ECFC4-29DF-4C91-B0C4-F224D726F3C8}"
EndProject
Project("{FAE04EC0-301F-11D3-BF4B-00C04F79EFBC}") = "Core", "Core\Core.csproj", "{86B70DCB-2E8D-409C-80D8-217D3E12D11A}"
EndProject
Project("{FAE04EC0-301F-11D3-BF4B-00C04F79EFBC}") = "WebAPI", "WebAPI\WebAPI.csproj", "{0F87753E-3EFF-4E86-B6A9-5EE69F15F7EA}"
EndProject
Global
	GlobalSection(SolutionConfigurationPlatforms) = preSolution
		Debug|Any CPU = Debug|Any CPU
		Release|Any CPU = Release|Any CPU
	EndGlobalSection
	GlobalSection(ProjectConfigurationPlatforms) = postSolution
		{42F8BCB4-8FE2-4794-AB9C-A717BD0B21D0}.Debug|Any CPU.ActiveCfg = Debug|Any CPU
		{42F8BCB4-8FE2-4794-AB9C-A717BD0B21D0}.Debug|Any CPU.Build.0 = Debug|Any CPU
		{42F8BCB4-8FE2-4794-AB9C-A717BD0B21D0}.Release|Any CPU.ActiveCfg = Release|Any CPU
		{42F8BCB4-8FE2-4794-AB9C-A717BD0B21D0}.Release|Any CPU.Build.0 = Release|Any CPU
		{77F0E269-8F97-4087-BE53-9D8F921ABD59}.Debug|Any CPU.ActiveCfg = Debug|Any CPU
		{77F0E269-8F97-4087-BE53-9D8F921ABD59}.Debug|Any CPU.Build.0 = Debug|Any CPU
		{77F0E269-8F97-4087-BE53-9D8F921ABD59}.Release|Any CPU.ActiveCfg = Release|Any CPU
		{77F0E269-8F97-4087-BE53-9D8F921ABD59}.Release|Any CPU.Build.0 = Release|Any CPU
		{9D5ECFC4-29DF-4C91-B0C4-F224D726F3C8}.Debug|Any CPU.ActiveCfg = Debug|Any CPU
		{9D5ECFC4-29DF-4C91-B0C4-F224D726F3C8}.Debug|Any CPU.Build.0 = Debug|Any CPU
		{9D5ECFC4-29DF-4C91-B0C4-F224D726F3C8}.Release|Any CPU.ActiveCfg = Release|Any CPU
		{9D5ECFC4-29DF-4C91-B0C4-F224D726F3C8}.Release|Any CPU.Build.0 = Release|Any CPU
		{86B70DCB-2E8D-409C-80D8-217D3E12D11A}.Debug|Any CPU.ActiveCfg = Debug|Any CPU
		{86B70DCB-2E8D-409C-80D8-217D3E12D11A}.Debug|Any CPU.Build.0 = Debug|Any CPU
		{86B70DCB-2E8D-409C-80D8-217D3E12D11A}.Release|Any CPU.ActiveCfg = Release|Any CPU
		{86B70DCB-2E8D-409C-80D8-217D3E12D11A}.Release|Any CPU.Build.0 = Release|Any CPU
		{0F87753E-3EFF-4E86-B6A9-5EE69F15F7EA}.Debug|Any CPU.ActiveCfg = Debug|Any CPU
		{0F87753E-3EFF-4E86-B6A9-5EE69F15F7EA}.Debug|Any CPU.Build.0 = Debug|Any CPU
		{0F87753E-3EFF-4E86-B6A9-5EE69F15F7EA}.Release|Any CPU.ActiveCfg = Release|Any CPU
		{0F87753E-3EFF-4E86-B6A9-5EE69F15F7EA}.Release|Any CPU.Build.0 = Release|Any CPU
	EndGlobalSection
	GlobalSection(SolutionProperties) = preSolution
		HideSolutionNode = FALSE
	EndGlobalSection
EndGlobal
